
Microsoft Visual Studio Solution File, Format Version 12.00
# Visual Studio Version 17
VisualStudioVersion = 17.11.35312.102
MinimumVisualStudioVersion = 10.0.40219.1
Project("{FAE04EC0-301F-11D3-BF4B-00C04F79EFBC}") = "Sep24TurnUpPortal", "Sep24TurnUpPortal.csproj", "{02406E89-3836-49E1-9270-3F6E7C9BEB78}"
EndProject
Global
	GlobalSection(SolutionConfigurationPlatforms) = preSolution
		Debug|Any CPU = Debug|Any CPU
		Release|Any CPU = Release|Any CPU
	EndGlobalSection
	GlobalSection(ProjectConfigurationPlatforms) = postSolution
		{02406E89-3836-49E1-9270-3F6E7C9BEB78}.Debug|Any CPU.ActiveCfg = Debug|Any CPU
		{02406E89-3836-49E1-9270-3F6E7C9BEB78}.Debug|Any CPU.Build.0 = Debug|Any CPU
		{02406E89-3836-49E1-9270-3F6E7C9BEB78}.Release|Any CPU.ActiveCfg = Release|Any CPU
		{02406E89-3836-49E1-9270-3F6E7C9BEB78}.Release|Any CPU.Build.0 = Release|Any CPU
	EndGlobalSection
	GlobalSection(SolutionProperties) = preSolution
		HideSolutionNode = FALSE
	EndGlobalSection
	GlobalSection(ExtensibilityGlobals) = postSolution
		SolutionGuid = {2A0C97AF-D711-47FF-A95C-E6420D1BF71B}
	EndGlobalSection
EndGlobal
